
Microsoft Visual Studio Solution File, Format Version 12.00
# Visual Studio Version 16
VisualStudioVersion = 16.0.28803.452
MinimumVisualStudioVersion = 10.0.40219.1
Project("{9A19103F-16F7-4668-BE54-9A1E7A4F7556}") = "Dating", "Dating\Dating.csproj", "{D58EC555-C8DA-43EB-9ED2-A9A06FBE4A90}"
EndProject
Project("{FAE04EC0-301F-11D3-BF4B-00C04F79EFBC}") = "DatingTests", "DatingTests\DatingTests.csproj", "{50440B50-5B4E-49A8-99DB-D9DD331E5B95}"
	ProjectSection(ProjectDependencies) = postProject
		{D58EC555-C8DA-43EB-9ED2-A9A06FBE4A90} = {D58EC555-C8DA-43EB-9ED2-A9A06FBE4A90}
	EndProjectSection
EndProject
Global
	GlobalSection(SolutionConfigurationPlatforms) = preSolution
		Debug|Any CPU = Debug|Any CPU
		Release|Any CPU = Release|Any CPU
	EndGlobalSection
	GlobalSection(ProjectConfigurationPlatforms) = postSolution
		{D58EC555-C8DA-43EB-9ED2-A9A06FBE4A90}.Debug|Any CPU.ActiveCfg = Debug|Any CPU
		{D58EC555-C8DA-43EB-9ED2-A9A06FBE4A90}.Debug|Any CPU.Build.0 = Debug|Any CPU
		{D58EC555-C8DA-43EB-9ED2-A9A06FBE4A90}.Release|Any CPU.ActiveCfg = Release|Any CPU
		{D58EC555-C8DA-43EB-9ED2-A9A06FBE4A90}.Release|Any CPU.Build.0 = Release|Any CPU
		{50440B50-5B4E-49A8-99DB-D9DD331E5B95}.Debug|Any CPU.ActiveCfg = Debug|Any CPU
		{50440B50-5B4E-49A8-99DB-D9DD331E5B95}.Debug|Any CPU.Build.0 = Debug|Any CPU
		{50440B50-5B4E-49A8-99DB-D9DD331E5B95}.Release|Any CPU.ActiveCfg = Release|Any CPU
		{50440B50-5B4E-49A8-99DB-D9DD331E5B95}.Release|Any CPU.Build.0 = Release|Any CPU
	EndGlobalSection
	GlobalSection(SolutionProperties) = preSolution
		HideSolutionNode = FALSE
	EndGlobalSection
	GlobalSection(ExtensibilityGlobals) = postSolution
		SolutionGuid = {88EF5B01-9CB8-4552-8AA8-529C91687475}
	EndGlobalSection
EndGlobal
