
Microsoft Visual Studio Solution File, Format Version 12.00
# Visual Studio Version 16
VisualStudioVersion = 16.0.28803.452
MinimumVisualStudioVersion = 10.0.40219.1
Project("{9A19103F-16F7-4668-BE54-9A1E7A4F7556}") = "DatingTests", "DatingTests\DatingTests.csproj", "{50440B50-5B4E-49A8-99DB-D9DD331E5B95}"
	ProjectSection(ProjectDependencies) = postProject
		{BB225C83-83EC-457F-843A-4B49D1EBE3BE} = {BB225C83-83EC-457F-843A-4B49D1EBE3BE}
	EndProjectSection
EndProject
Project("{9A19103F-16F7-4668-BE54-9A1E7A4F7556}") = "DatingAPI", "DatingAPI\DatingAPI.csproj", "{BB225C83-83EC-457F-843A-4B49D1EBE3BE}"
EndProject
Project("{E24C65DC-7377-472B-9ABA-BC803B73C61A}") = "DatingClient", "DatingClient\", "{DC9722AF-69D0-4970-9DA8-BCD48007E038}"
	ProjectSection(WebsiteProperties) = preProject
		TargetFrameworkMoniker = ".NETFramework,Version%3Dv4.0"
		Debug.AspNetCompiler.VirtualPath = "/localhost_61254"
		Debug.AspNetCompiler.PhysicalPath = "DatingClient\"
		Debug.AspNetCompiler.TargetPath = "PrecompiledWeb\localhost_61254\"
		Debug.AspNetCompiler.Updateable = "true"
		Debug.AspNetCompiler.ForceOverwrite = "true"
		Debug.AspNetCompiler.FixedNames = "false"
		Debug.AspNetCompiler.Debug = "True"
		Release.AspNetCompiler.VirtualPath = "/localhost_61254"
		Release.AspNetCompiler.PhysicalPath = "DatingClient\"
		Release.AspNetCompiler.TargetPath = "PrecompiledWeb\localhost_61254\"
		Release.AspNetCompiler.Updateable = "true"
		Release.AspNetCompiler.ForceOverwrite = "true"
		Release.AspNetCompiler.FixedNames = "false"
		Release.AspNetCompiler.Debug = "False"
		VWDPort = "61254"
		SlnRelativePath = "DatingClient\"
	EndProjectSection
EndProject
Project("{FAE04EC0-301F-11D3-BF4B-00C04F79EFBC}") = "DatingCommon", "DatingCommon\DatingCommon.csproj", "{CBCD32EE-0672-4612-8CC3-9848EDDA7CF7}"
EndProject
Global
	GlobalSection(SolutionConfigurationPlatforms) = preSolution
		Debug|Any CPU = Debug|Any CPU
		Release|Any CPU = Release|Any CPU
	EndGlobalSection
	GlobalSection(ProjectConfigurationPlatforms) = postSolution
		{50440B50-5B4E-49A8-99DB-D9DD331E5B95}.Debug|Any CPU.ActiveCfg = Debug|Any CPU
		{50440B50-5B4E-49A8-99DB-D9DD331E5B95}.Debug|Any CPU.Build.0 = Debug|Any CPU
		{50440B50-5B4E-49A8-99DB-D9DD331E5B95}.Release|Any CPU.ActiveCfg = Release|Any CPU
		{50440B50-5B4E-49A8-99DB-D9DD331E5B95}.Release|Any CPU.Build.0 = Release|Any CPU
		{BB225C83-83EC-457F-843A-4B49D1EBE3BE}.Debug|Any CPU.ActiveCfg = Debug|Any CPU
		{BB225C83-83EC-457F-843A-4B49D1EBE3BE}.Debug|Any CPU.Build.0 = Debug|Any CPU
		{BB225C83-83EC-457F-843A-4B49D1EBE3BE}.Release|Any CPU.ActiveCfg = Release|Any CPU
		{BB225C83-83EC-457F-843A-4B49D1EBE3BE}.Release|Any CPU.Build.0 = Release|Any CPU
		{DC9722AF-69D0-4970-9DA8-BCD48007E038}.Debug|Any CPU.ActiveCfg = Debug|Any CPU
		{DC9722AF-69D0-4970-9DA8-BCD48007E038}.Debug|Any CPU.Build.0 = Debug|Any CPU
		{DC9722AF-69D0-4970-9DA8-BCD48007E038}.Release|Any CPU.ActiveCfg = Debug|Any CPU
		{DC9722AF-69D0-4970-9DA8-BCD48007E038}.Release|Any CPU.Build.0 = Debug|Any CPU
		{CBCD32EE-0672-4612-8CC3-9848EDDA7CF7}.Debug|Any CPU.ActiveCfg = Debug|Any CPU
		{CBCD32EE-0672-4612-8CC3-9848EDDA7CF7}.Debug|Any CPU.Build.0 = Debug|Any CPU
		{CBCD32EE-0672-4612-8CC3-9848EDDA7CF7}.Release|Any CPU.ActiveCfg = Release|Any CPU
		{CBCD32EE-0672-4612-8CC3-9848EDDA7CF7}.Release|Any CPU.Build.0 = Release|Any CPU
	EndGlobalSection
	GlobalSection(SolutionProperties) = preSolution
		HideSolutionNode = FALSE
	EndGlobalSection
	GlobalSection(ExtensibilityGlobals) = postSolution
		SolutionGuid = {88EF5B01-9CB8-4552-8AA8-529C91687475}
	EndGlobalSection
EndGlobal
